<?xml version="1.0" encoding="utf-8"?>
<Project ToolsVersion="4.0" xmlns="http://schemas.microsoft.com/developer/msbuild/2003">
  <ItemGroup>
    <Filter Include="Source Files">
      <UniqueIdentifier>{4FC737F1-C7A5-4376-A066-2A32D752A2FF}</UniqueIdentifier>
      <Extensions>cpp;c;cc;cxx;def;odl;idl;hpj;bat;asm;asmx</Extensions>
    </Filter>
    <Filter Include="Header Files">
      <UniqueIdentifier>{93995380-89BD-4b04-88EB-625FBE52EBFB}</UniqueIdentifier>
      <Extensions>h;hh;hpp;hxx;hm;inl;inc;xsd</Extensions>
    </Filter>
    <Filter Include="Resource Files">
      <UniqueIdentifier>{67DA6AB6-F800-4c08-8B7A-83BB121AAD01}</UniqueIdentifier>
      <Extensions>rc;ico;cur;bmp;dlg;rc2;rct;bin;rgs;gif;jpg;jpeg;jpe;resx;tiff;tif;png;wav;mfcribbon-ms</Extensions>
    </Filter>
    <Filter Include="Header Files\Engine">
      <UniqueIdentifier>{bc436da2-5d63-4c6b-bd7e-2b1f5dd60a63}</UniqueIdentifier>
    </Filter>
    <Filter Include="Header Files\Graphics Objects">
      <UniqueIdentifier>{37ad1821-eca6-4fcf-9cb0-4862c30b36b0}</UniqueIdentifier>
    </Filter>
    <Filter Include="Source Files\Engine">
      <UniqueIdentifier>{1bfcd459-0f28-4b4e-987f-c9720904cfaa}</UniqueIdentifier>
    </Filter>
    <Filter Include="Header Files\States">
      <UniqueIdentifier>{aefe0bcb-a615-4dd2-812d-b12b814657c9}</UniqueIdentifier>
    </Filter>
    <Filter Include="Source Files\States">
      <UniqueIdentifier>{eb72e245-8517-41b6-8c08-e5abd227c6ec}</UniqueIdentifier>
    </Filter>
    <Filter Include="Header Files\Definitions">
      <UniqueIdentifier>{53ef9a0d-c63e-4d12-a4ec-345850b24754}</UniqueIdentifier>
    </Filter>
    <Filter Include="Resource Files\Splash">
      <UniqueIdentifier>{bd3ba860-fe29-472b-94a1-9bfbfe01416a}</UniqueIdentifier>
    </Filter>
    <Filter Include="Resource Files\MainMenu">
      <UniqueIdentifier>{3d7211f5-01d6-4375-ae95-b970b115d85f}</UniqueIdentifier>
    </Filter>
  </ItemGroup>
  <ItemGroup>
    <ClCompile Include="main.cpp">
      <Filter>Source Files</Filter>
    </ClCompile>
    <ClCompile Include="AssetManager.cpp">
      <Filter>Source Files\Engine</Filter>
    </ClCompile>
    <ClCompile Include="Game.cpp">
      <Filter>Source Files\Engine</Filter>
    </ClCompile>
    <ClCompile Include="InputManager.cpp">
      <Filter>Source Files\Engine</Filter>
    </ClCompile>
    <ClCompile Include="StateMachine.cpp">
      <Filter>Source Files\Engine</Filter>
    </ClCompile>
    <ClCompile Include="MainMenuState.cpp">
      <Filter>Source Files\States</Filter>
    </ClCompile>
    <ClCompile Include="SplashState.cpp">
      <Filter>Source Files\States</Filter>
    </ClCompile>
    <ClCompile Include="TestingState.cpp">
      <Filter>Source Files\States</Filter>
    </ClCompile>
  </ItemGroup>
  <ItemGroup>
    <ClInclude Include="AssetManager.h">
      <Filter>Header Files\Engine</Filter>
    </ClInclude>
    <ClInclude Include="TileMap.h">
      <Filter>Header Files\Graphics Objects</Filter>
    </ClInclude>
    <ClInclude Include="Game.h">
      <Filter>Header Files\Engine</Filter>
    </ClInclude>
    <ClInclude Include="InputManager.h">
      <Filter>Header Files\Engine</Filter>
    </ClInclude>
    <ClInclude Include="StateMachine.h">
      <Filter>Header Files\Engine</Filter>
    </ClInclude>
    <ClInclude Include="SplashState.h">
      <Filter>Header Files\States</Filter>
    </ClInclude>
    <ClInclude Include="State.h">
      <Filter>Header Files\States</Filter>
    </ClInclude>
    <ClInclude Include="MainMenuState.h">
      <Filter>Header Files\States</Filter>
    </ClInclude>
    <ClInclude Include="MainMenuDef.h">
      <Filter>Header Files\Definitions</Filter>
    </ClInclude>
    <ClInclude Include="SplashDef.h">
      <Filter>Header Files\Definitions</Filter>
    </ClInclude>
    <ClInclude Include="TestingState.h">
      <Filter>Header Files\States</Filter>
    </ClInclude>
    <ClInclude Include="TestDef.h">
      <Filter>Header Files\Definitions</Filter>
    </ClInclude>
  </ItemGroup>
  <ItemGroup>
    <Image Include="..\Resources\menus\main\startbutton.png">
      <Filter>Resource Files\MainMenu</Filter>
    </Image>
    <Image Include="..\Resources\menus\main\backmain.png">
      <Filter>Resource Files\MainMenu</Filter>
    </Image>
    <Image Include="..\Resources\splashback.png">
      <Filter>Resource Files\Splash</Filter>
    </Image>
  </ItemGroup>
</Project>